%{"amqp": {:hex, :amqp, "0.1.5", "f38e30abfce06fd2213f5e24744a2923f9d3c30f1687db19952be547457e0e7b", [:mix], [{:amqp_client, "3.5.6", [hex: :amqp_client, optional: false]}]},
  "amqp_client": {:git, "https://github.com/jbrisbin/amqp_client.git", "d50aec00b94f0766a048b4eceaf25ddfdeeb1d86", [branch: "master"]},
  "confex": {:hex, :confex, "1.4.2", "68a41392b2d3737b545b29432d898b443b0519df57c27a37a268a3139990ee7f", [:mix], []},
  "connection": {:hex, :connection, "1.0.4", "a1cae72211f0eef17705aaededacac3eb30e6625b04a6117c1b2db6ace7d5976", [:mix], []},
  "poison": {:hex, :poison, "2.2.0", "4763b69a8a77bd77d26f477d196428b741261a761257ff1cf92753a0d4d24a63", [:mix], []},
  "rabbit_common": {:git, "https://github.com/jbrisbin/rabbit_common.git", "80814606ae23cc820c74e443383e192cd69ec030", []}}
